<Solution>
  <Project Path="Unity.ShaderGraph.Editor.csproj" />
  <Project Path="Hecton8.Core.csproj" />
  <Project Path="Hecton8.Core.Contracts.csproj" />
  <Project Path="MoreMountains.Feedbacks.csproj" />
  <Project Path="Assembly-CSharp-Editor-firstpass.csproj" />
  <Project Path="ShapesRuntime.csproj" />
  <Project Path="Crest.csproj" />
  <Project Path="MoreMountains.Tools.csproj" />
  <Project Path="MoreMountains.Tools.Editor.csproj" />
  <Project Path="AmplifyImpostors.Editor.csproj" />
  <Project Path="Hecton8.Editor.csproj" />
  <Project Path="VolumetricLightBeam.csproj" />
  <Project Path="ShapesEditor.csproj" />
  <Project Path="Assembly-CSharp.csproj" />
  <Project Path="MoreMountains.Feedbacks.PostProcessing.csproj" />
  <Project Path="VolumetricLightBeam.Editor.csproj" />
  <Project Path="MoreMountains.Feedbacks.MMTools.csproj" />
  <Project Path="MapMagic.csproj" />
  <Project Path="MoreMountains.Feedbacks.Cinemachine.csproj" />
  <Project Path="TechniePhysicsCreator.csproj" />
  <Project Path="Assembly-CSharp-Editor.csproj" />
  <Project Path="MeshBakerEditor.csproj" />
  <Project Path="MoreMountains.Feedbacks.TextMeshPro.csproj" />
  <Project Path="Assembly-CSharp-firstpass.csproj" />
  <Project Path="MoreMountains.Feedbacks.HDRP.csproj" />
  <Project Path="MoreMountains.Feedbacks.URP.csproj" />
  <Project Path="Den.Tools.csproj" />
  <Project Path="GPUInstancer.csproj" />
  <Project Path="GPUInstancer.Editor.csproj" />
  <Project Path="Lofelt.NiceVibrations.csproj" />
  <Project Path="MapMagic.Editor.csproj" />
  <Project Path="MoreMountains.Feedbacks.NiceVibrations.csproj" />
  <Project Path="MoreMountains.Feedbacks.Authorizations.csproj" />
  <Project Path="MeshBakerCore.csproj" />
  <Project Path="JBooth.MicroSplat.Core.Editor.csproj" />
  <Project Path="Lofelt.NiceVibrations.Editor.csproj" />
  <Project Path="BakeryRuntimeAssembly.csproj" />
  <Project Path="AmplifyImpostors.Runtime.csproj" />
  <Project Path="MoreMountains.Feedbacks.Editor.csproj" />
  <Project Path="Hecton8.World.Contracts.csproj" />
  <Project Path="Crest.Helpers.Editor.csproj" />
  <Project Path="Den.Tools.Editor.csproj" />
  <Project Path="Technie.PhysicsCreator.Updater.csproj" />
  <Project Path="Sirenix.OdinInspector.Modules.UnityMathematics.csproj" />
  <Project Path="JBooth.MicroSplat.Core.csproj" />
  <Project Path="Hecton8.Bootstrap.Contracts.csproj" />
  <Project Path="MapMagic.Settings.csproj" />
  <Project Path="MapMagic.MicroSplat.Editor.csproj" />
  <Project Path="Hecton8.Input.Generated.csproj" />
  <Project Path="MapMagic.MicroSplat.csproj" />
  <Project Path="Tools\DataMonolithBakeCli\DataMonolithBakeCli.csproj" />
</Solution>
