{
  "version": 3,
  "targets": {
    ".NETStandard,Version=v2.1": {
      "Hecton8.Input.Generated/1.0.0": {
        "type": "project",
        "framework": ".NETStandard,Version=v2.1",
        "compile": {
          "bin/placeholder/Hecton8.Input.Generated.dll": {}
        },
        "runtime": {
          "bin/placeholder/Hecton8.Input.Generated.dll": {}
        }
      }
    }
  },
  "libraries": {
    "Hecton8.Input.Generated/1.0.0": {
      "type": "project",
      "path": "Hecton8.Input.Generated.csproj",
      "msbuildProject": "Hecton8.Input.Generated.csproj"
    }
  },
  "projectFileDependencyGroups": {
    ".NETStandard,Version=v2.1": [
      "Hecton8.Input.Generated >= 1.0.0"
    ]
  },
  "packageFolders": {
    "C:\\Users\\danat\\.nuget\\packages\\": {}
  },
  "project": {
    "version": "1.0.0",
    "restore": {
      "projectUniqueName": "C:\\hades\\Hecton8\\Hecton8.Input.csproj",
      "projectName": "Hecton8.Input",
      "projectPath": "C:\\hades\\Hecton8\\Hecton8.Input.csproj",
      "packagesPath": "C:\\Users\\danat\\.nuget\\packages\\",
      "outputPath": "C:\\hades\\Hecton8\\.codexbuild/core_fix6_obj/",
      "projectStyle": "PackageReference",
      "configFilePaths": [
        "C:\\Users\\danat\\AppData\\Roaming\\NuGet\\NuGet.Config"
      ],
      "originalTargetFrameworks": [
        "netstandard2.1"
      ],
      "sources": {
        "https://api.nuget.org/v3/index.json": {}
      },
      "frameworks": {
        "netstandard2.1": {
          "targetAlias": "netstandard2.1",
          "projectReferences": {
            "C:\\hades\\Hecton8\\Hecton8.Input.Generated.csproj": {
              "projectPath": "C:\\hades\\Hecton8\\Hecton8.Input.Generated.csproj"
            }
          }
        }
      },
      "warningProperties": {
        "warnAsError": [
          "NU1605"
        ]
      },
      "restoreAuditProperties": {
        "enableAudit": "true",
        "auditLevel": "low",
        "auditMode": "direct"
      },
      "SdkAnalysisLevel": "10.0.200"
    },
    "frameworks": {
      "netstandard2.1": {
        "targetAlias": "netstandard2.1",
        "imports": [
          "net461",
          "net462",
          "net47",
          "net471",
          "net472",
          "net48",
          "net481"
        ],
        "assetTargetFallback": true,
        "warn": true,
        "runtimeIdentifierGraphPath": "C:\\Program Files\\dotnet\\sdk\\10.0.202\\RuntimeIdentifierGraph.json"
      }
    }
  }
}